// !$*UTF8*$!
{
	archiveVersion = 1;
	classes = {
	};
	objectVersion = 55;
	objects = {

/* Begin PBXBuildFile section */
		AB3CF19F27267FCD00F689E8 /* AppDelegate.swift in Sources */ = {isa = PBXBuildFile; fileRef = AB3CF19E27267FCD00F689E8 /* AppDelegate.swift */; };
		AB3CF1A127267FCD00F689E8 /* SceneDelegate.swift in Sources */ = {isa = PBXBuildFile; fileRef = AB3CF1A027267FCD00F689E8 /* SceneDelegate.swift */; };
		AB3CF1A327267FCD00F689E8 /* ListViewController.swift in Sources */ = {isa = PBXBuildFile; fileRef = AB3CF1A227267FCD00F689E8 /* ListViewController.swift */; };
		AB3CF1A827267FD100F689E8 /* Assets.xcassets in Resources */ = {isa = PBXBuildFile; fileRef = AB3CF1A727267FD100F689E8 /* Assets.xcassets */; };
		AB3CF1B627267FD100F689E8 /* siliconvalleyTests.swift in Sources */ = {isa = PBXBuildFile; fileRef = AB3CF1B527267FD100F689E8 /* siliconvalleyTests.swift */; };
		AB3CF1C027267FD100F689E8 /* siliconvalleyUITests.swift in Sources */ = {isa = PBXBuildFile; fileRef = AB3CF1BF27267FD100F689E8 /* siliconvalleyUITests.swift */; };
		AB3CF1D4272682D500F689E8 /* Default.strings in Resources */ = {isa = PBXBuildFile; fileRef = AB3CF1D6272682D500F689E8 /* Default.strings */; };
		AB3CF1D92726831500F689E8 /* Localizable.swift in Sources */ = {isa = PBXBuildFile; fileRef = AB3CF1D82726831500F689E8 /* Localizable.swift */; };
		AB3CF1DB272683A700F689E8 /* data.json in Resources */ = {isa = PBXBuildFile; fileRef = AB3CF1DA272683A700F689E8 /* data.json */; };
		AB3CF1DE2726846900F689E8 /* ContentLoader.swift in Sources */ = {isa = PBXBuildFile; fileRef = AB3CF1DD2726846900F689E8 /* ContentLoader.swift */; };
		AB3CF1E027268BF300F689E8 /* NavigationController.swift in Sources */ = {isa = PBXBuildFile; fileRef = AB3CF1DF27268BF300F689E8 /* NavigationController.swift */; };
		AB3CF1E227268DD600F689E8 /* TabBarController.swift in Sources */ = {isa = PBXBuildFile; fileRef = AB3CF1E127268DD600F689E8 /* TabBarController.swift */; };
		AB3CF1E427268EEF00F689E8 /* DetailsViewController.swift in Sources */ = {isa = PBXBuildFile; fileRef = AB3CF1E327268EEF00F689E8 /* DetailsViewController.swift */; };
		AB3CF1E627268F2E00F689E8 /* FavoritesViewController.swift in Sources */ = {isa = PBXBuildFile; fileRef = AB3CF1E527268F2E00F689E8 /* FavoritesViewController.swift */; };
		AB3CF1E82726905B00F689E8 /* Appearance.swift in Sources */ = {isa = PBXBuildFile; fileRef = AB3CF1E72726905B00F689E8 /* Appearance.swift */; };
		AB3CF1EA272690AA00F689E8 /* Color.swift in Sources */ = {isa = PBXBuildFile; fileRef = AB3CF1E9272690AA00F689E8 /* Color.swift */; };
		AB3CF1EC2726911400F689E8 /* Colors.xcassets in Resources */ = {isa = PBXBuildFile; fileRef = AB3CF1EB2726911400F689E8 /* Colors.xcassets */; };
		AB3CF1EE272693FA00F689E8 /* BaseViewController.swift in Sources */ = {isa = PBXBuildFile; fileRef = AB3CF1ED272693FA00F689E8 /* BaseViewController.swift */; };
		AB3CF1F22726A65B00F689E8 /* DictionaryParser.swift in Sources */ = {isa = PBXBuildFile; fileRef = AB3CF1F12726A65B00F689E8 /* DictionaryParser.swift */; };
		AB3CF1F42726A82400F689E8 /* Episode.swift in Sources */ = {isa = PBXBuildFile; fileRef = AB3CF1F32726A82400F689E8 /* Episode.swift */; };
		AB3CF1F62726ADDC00F689E8 /* Image.swift in Sources */ = {isa = PBXBuildFile; fileRef = AB3CF1F52726ADDC00F689E8 /* Image.swift */; };
		AB3CF1F82726B33B00F689E8 /* Show.swift in Sources */ = {isa = PBXBuildFile; fileRef = AB3CF1F72726B33B00F689E8 /* Show.swift */; };
		AB3CF1FA2726C25B00F689E8 /* CommonCell.swift in Sources */ = {isa = PBXBuildFile; fileRef = AB3CF1F92726C25B00F689E8 /* CommonCell.swift */; };
		AB3CF1FC2726C5C900F689E8 /* HeaderView.swift in Sources */ = {isa = PBXBuildFile; fileRef = AB3CF1FB2726C5C900F689E8 /* HeaderView.swift */; };
		AB3CF1FE2726C74A00F689E8 /* ImageDownload.swift in Sources */ = {isa = PBXBuildFile; fileRef = AB3CF1FD2726C74A00F689E8 /* ImageDownload.swift */; };
		ABB8CA2B2726D8E9009CC6C1 /* View.swift in Sources */ = {isa = PBXBuildFile; fileRef = ABB8CA2A2726D8E9009CC6C1 /* View.swift */; };
		ABB8CA2D2726E22E009CC6C1 /* SectionView.swift in Sources */ = {isa = PBXBuildFile; fileRef = ABB8CA2C2726E22E009CC6C1 /* SectionView.swift */; };
		ABB8CA2F2726E2D5009CC6C1 /* Label.swift in Sources */ = {isa = PBXBuildFile; fileRef = ABB8CA2E2726E2D5009CC6C1 /* Label.swift */; };
/* End PBXBuildFile section */

/* Begin PBXContainerItemProxy section */
		AB3CF1B227267FD100F689E8 /* PBXContainerItemProxy */ = {
			isa = PBXContainerItemProxy;
			containerPortal = AB3CF19327267FCD00F689E8 /* Project object */;
			proxyType = 1;
			remoteGlobalIDString = AB3CF19A27267FCD00F689E8;
			remoteInfo = siliconvalley;
		};
		AB3CF1BC27267FD100F689E8 /* PBXContainerItemProxy */ = {
			isa = PBXContainerItemProxy;
			containerPortal = AB3CF19327267FCD00F689E8 /* Project object */;
			proxyType = 1;
			remoteGlobalIDString = AB3CF19A27267FCD00F689E8;
			remoteInfo = siliconvalley;
		};
/* End PBXContainerItemProxy section */

/* Begin PBXFileReference section */
		AB3CF19B27267FCD00F689E8 /* siliconvalley.app */ = {isa = PBXFileReference; explicitFileType = wrapper.application; includeInIndex = 0; path = siliconvalley.app; sourceTree = BUILT_PRODUCTS_DIR; };
		AB3CF19E27267FCD00F689E8 /* AppDelegate.swift */ = {isa = PBXFileReference; lastKnownFileType = sourcecode.swift; path = AppDelegate.swift; sourceTree = "<group>"; };
		AB3CF1A027267FCD00F689E8 /* SceneDelegate.swift */ = {isa = PBXFileReference; lastKnownFileType = sourcecode.swift; path = SceneDelegate.swift; sourceTree = "<group>"; };
		AB3CF1A227267FCD00F689E8 /* ListViewController.swift */ = {isa = PBXFileReference; lastKnownFileType = sourcecode.swift; path = ListViewController.swift; sourceTree = "<group>"; };
		AB3CF1A727267FD100F689E8 /* Assets.xcassets */ = {isa = PBXFileReference; lastKnownFileType = folder.assetcatalog; path = Assets.xcassets; sourceTree = "<group>"; };
		AB3CF1AC27267FD100F689E8 /* Info.plist */ = {isa = PBXFileReference; lastKnownFileType = text.plist.xml; path = Info.plist; sourceTree = "<group>"; };
		AB3CF1B127267FD100F689E8 /* siliconvalleyTests.xctest */ = {isa = PBXFileReference; explicitFileType = wrapper.cfbundle; includeInIndex = 0; path = siliconvalleyTests.xctest; sourceTree = BUILT_PRODUCTS_DIR; };
		AB3CF1B527267FD100F689E8 /* siliconvalleyTests.swift */ = {isa = PBXFileReference; lastKnownFileType = sourcecode.swift; path = siliconvalleyTests.swift; sourceTree = "<group>"; };
		AB3CF1BB27267FD100F689E8 /* siliconvalleyUITests.xctest */ = {isa = PBXFileReference; explicitFileType = wrapper.cfbundle; includeInIndex = 0; path = siliconvalleyUITests.xctest; sourceTree = BUILT_PRODUCTS_DIR; };
		AB3CF1BF27267FD100F689E8 /* siliconvalleyUITests.swift */ = {isa = PBXFileReference; lastKnownFileType = sourcecode.swift; path = siliconvalleyUITests.swift; sourceTree = "<group>"; };
		AB3CF1D5272682D500F689E8 /* en */ = {isa = PBXFileReference; lastKnownFileType = text.plist.strings; name = en; path = en.lproj/Default.strings; sourceTree = "<group>"; };
		AB3CF1D82726831500F689E8 /* Localizable.swift */ = {isa = PBXFileReference; lastKnownFileType = sourcecode.swift; path = Localizable.swift; sourceTree = "<group>"; };
		AB3CF1DA272683A700F689E8 /* data.json */ = {isa = PBXFileReference; fileEncoding = 4; lastKnownFileType = text.json; path = data.json; sourceTree = "<group>"; };
		AB3CF1DD2726846900F689E8 /* ContentLoader.swift */ = {isa = PBXFileReference; lastKnownFileType = sourcecode.swift; path = ContentLoader.swift; sourceTree = "<group>"; };
		AB3CF1DF27268BF300F689E8 /* NavigationController.swift */ = {isa = PBXFileReference; lastKnownFileType = sourcecode.swift; path = NavigationController.swift; sourceTree = "<group>"; };
		AB3CF1E127268DD600F689E8 /* TabBarController.swift */ = {isa = PBXFileReference; lastKnownFileType = sourcecode.swift; path = TabBarController.swift; sourceTree = "<group>"; };
		AB3CF1E327268EEF00F689E8 /* DetailsViewController.swift */ = {isa = PBXFileReference; lastKnownFileType = sourcecode.swift; path = DetailsViewController.swift; sourceTree = "<group>"; };
		AB3CF1E527268F2E00F689E8 /* FavoritesViewController.swift */ = {isa = PBXFileReference; lastKnownFileType = sourcecode.swift; path = FavoritesViewController.swift; sourceTree = "<group>"; };
		AB3CF1E72726905B00F689E8 /* Appearance.swift */ = {isa = PBXFileReference; lastKnownFileType = sourcecode.swift; path = Appearance.swift; sourceTree = "<group>"; };
		AB3CF1E9272690AA00F689E8 /* Color.swift */ = {isa = PBXFileReference; lastKnownFileType = sourcecode.swift; path = Color.swift; sourceTree = "<group>"; };
		AB3CF1EB2726911400F689E8 /* Colors.xcassets */ = {isa = PBXFileReference; lastKnownFileType = folder.assetcatalog; path = Colors.xcassets; sourceTree = "<group>"; };
		AB3CF1ED272693FA00F689E8 /* BaseViewController.swift */ = {isa = PBXFileReference; lastKnownFileType = sourcecode.swift; path = BaseViewController.swift; sourceTree = "<group>"; };
		AB3CF1F12726A65B00F689E8 /* DictionaryParser.swift */ = {isa = PBXFileReference; lastKnownFileType = sourcecode.swift; path = DictionaryParser.swift; sourceTree = "<group>"; };
		AB3CF1F32726A82400F689E8 /* Episode.swift */ = {isa = PBXFileReference; lastKnownFileType = sourcecode.swift; path = Episode.swift; sourceTree = "<group>"; };
		AB3CF1F52726ADDC00F689E8 /* Image.swift */ = {isa = PBXFileReference; lastKnownFileType = sourcecode.swift; path = Image.swift; sourceTree = "<group>"; };
		AB3CF1F72726B33B00F689E8 /* Show.swift */ = {isa = PBXFileReference; lastKnownFileType = sourcecode.swift; path = Show.swift; sourceTree = "<group>"; };
		AB3CF1F92726C25B00F689E8 /* CommonCell.swift */ = {isa = PBXFileReference; lastKnownFileType = sourcecode.swift; path = CommonCell.swift; sourceTree = "<group>"; };
		AB3CF1FB2726C5C900F689E8 /* HeaderView.swift */ = {isa = PBXFileReference; lastKnownFileType = sourcecode.swift; path = HeaderView.swift; sourceTree = "<group>"; };
		AB3CF1FD2726C74A00F689E8 /* ImageDownload.swift */ = {isa = PBXFileReference; lastKnownFileType = sourcecode.swift; path = ImageDownload.swift; sourceTree = "<group>"; };
		ABB8CA2A2726D8E9009CC6C1 /* View.swift */ = {isa = PBXFileReference; lastKnownFileType = sourcecode.swift; path = View.swift; sourceTree = "<group>"; };
		ABB8CA2C2726E22E009CC6C1 /* SectionView.swift */ = {isa = PBXFileReference; lastKnownFileType = sourcecode.swift; path = SectionView.swift; sourceTree = "<group>"; };
		ABB8CA2E2726E2D5009CC6C1 /* Label.swift */ = {isa = PBXFileReference; lastKnownFileType = sourcecode.swift; path = Label.swift; sourceTree = "<group>"; };
/* End PBXFileReference section */

/* Begin PBXFrameworksBuildPhase section */
		AB3CF19827267FCD00F689E8 /* Frameworks */ = {
			isa = PBXFrameworksBuildPhase;
			buildActionMask = 2147483647;
			files = (
			);
			runOnlyForDeploymentPostprocessing = 0;
		};
		AB3CF1AE27267FD100F689E8 /* Frameworks */ = {
			isa = PBXFrameworksBuildPhase;
			buildActionMask = 2147483647;
			files = (
			);
			runOnlyForDeploymentPostprocessing = 0;
		};
		AB3CF1B827267FD100F689E8 /* Frameworks */ = {
			isa = PBXFrameworksBuildPhase;
			buildActionMask = 2147483647;
			files = (
			);
			runOnlyForDeploymentPostprocessing = 0;
		};
/* End PBXFrameworksBuildPhase section */

/* Begin PBXGroup section */
		AB3CF19227267FCD00F689E8 = {
			isa = PBXGroup;
			children = (
				AB3CF19D27267FCD00F689E8 /* siliconvalley */,
				AB3CF1B427267FD100F689E8 /* siliconvalleyTests */,
				AB3CF1BE27267FD100F689E8 /* siliconvalleyUITests */,
				AB3CF19C27267FCD00F689E8 /* Products */,
			);
			sourceTree = "<group>";
		};
		AB3CF19C27267FCD00F689E8 /* Products */ = {
			isa = PBXGroup;
			children = (
				AB3CF19B27267FCD00F689E8 /* siliconvalley.app */,
				AB3CF1B127267FD100F689E8 /* siliconvalleyTests.xctest */,
				AB3CF1BB27267FD100F689E8 /* siliconvalleyUITests.xctest */,
			);
			name = Products;
			sourceTree = "<group>";
		};
		AB3CF19D27267FCD00F689E8 /* siliconvalley */ = {
			isa = PBXGroup;
			children = (
				AB3CF1DC2726840900F689E8 /* Helpers */,
				AB3CF1D7272682E200F689E8 /* Extensions */,
				AB3CF1D02726825A00F689E8 /* Views */,
				AB3CF1CF2726824B00F689E8 /* Controllers */,
				AB3CF1CE2726824600F689E8 /* Models */,
				AB3CF1D12726829B00F689E8 /* Resources */,
				AB3CF19E27267FCD00F689E8 /* AppDelegate.swift */,
				AB3CF1A027267FCD00F689E8 /* SceneDelegate.swift */,
				AB3CF1AC27267FD100F689E8 /* Info.plist */,
			);
			path = siliconvalley;
			sourceTree = "<group>";
		};
		AB3CF1B427267FD100F689E8 /* siliconvalleyTests */ = {
			isa = PBXGroup;
			children = (
				AB3CF1B527267FD100F689E8 /* siliconvalleyTests.swift */,
			);
			path = siliconvalleyTests;
			sourceTree = "<group>";
		};
		AB3CF1BE27267FD100F689E8 /* siliconvalleyUITests */ = {
			isa = PBXGroup;
			children = (
				AB3CF1BF27267FD100F689E8 /* siliconvalleyUITests.swift */,
			);
			path = siliconvalleyUITests;
			sourceTree = "<group>";
		};
		AB3CF1CE2726824600F689E8 /* Models */ = {
			isa = PBXGroup;
			children = (
				AB3CF1F32726A82400F689E8 /* Episode.swift */,
				AB3CF1F52726ADDC00F689E8 /* Image.swift */,
				AB3CF1F72726B33B00F689E8 /* Show.swift */,
			);
			path = Models;
			sourceTree = "<group>";
		};
		AB3CF1CF2726824B00F689E8 /* Controllers */ = {
			isa = PBXGroup;
			children = (
				AB3CF1DF27268BF300F689E8 /* NavigationController.swift */,
				AB3CF1E127268DD600F689E8 /* TabBarController.swift */,
				AB3CF1ED272693FA00F689E8 /* BaseViewController.swift */,
				AB3CF1E327268EEF00F689E8 /* DetailsViewController.swift */,
				AB3CF1A227267FCD00F689E8 /* ListViewController.swift */,
				AB3CF1E527268F2E00F689E8 /* FavoritesViewController.swift */,
			);
			path = Controllers;
			sourceTree = "<group>";
		};
		AB3CF1D02726825A00F689E8 /* Views */ = {
			isa = PBXGroup;
			children = (
				AB3CF1F92726C25B00F689E8 /* CommonCell.swift */,
				AB3CF1FB2726C5C900F689E8 /* HeaderView.swift */,
				ABB8CA2C2726E22E009CC6C1 /* SectionView.swift */,
			);
			path = Views;
			sourceTree = "<group>";
		};
		AB3CF1D12726829B00F689E8 /* Resources */ = {
			isa = PBXGroup;
			children = (
				AB3CF1DA272683A700F689E8 /* data.json */,
				AB3CF1A727267FD100F689E8 /* Assets.xcassets */,
				AB3CF1D6272682D500F689E8 /* Default.strings */,
				AB3CF1EB2726911400F689E8 /* Colors.xcassets */,
			);
			path = Resources;
			sourceTree = "<group>";
		};
		AB3CF1D7272682E200F689E8 /* Extensions */ = {
			isa = PBXGroup;
			children = (
				ABB8CA2E2726E2D5009CC6C1 /* Label.swift */,
				AB3CF1D82726831500F689E8 /* Localizable.swift */,
				AB3CF1F12726A65B00F689E8 /* DictionaryParser.swift */,
				AB3CF1FD2726C74A00F689E8 /* ImageDownload.swift */,
				ABB8CA2A2726D8E9009CC6C1 /* View.swift */,
			);
			path = Extensions;
			sourceTree = "<group>";
		};
		AB3CF1DC2726840900F689E8 /* Helpers */ = {
			isa = PBXGroup;
			children = (
				AB3CF1DD2726846900F689E8 /* ContentLoader.swift */,
				AB3CF1E72726905B00F689E8 /* Appearance.swift */,
				AB3CF1E9272690AA00F689E8 /* Color.swift */,
			);
			path = Helpers;
			sourceTree = "<group>";
		};
/* End PBXGroup section */

/* Begin PBXNativeTarget section */
		AB3CF19A27267FCD00F689E8 /* siliconvalley */ = {
			isa = PBXNativeTarget;
			buildConfigurationList = AB3CF1C527267FD100F689E8 /* Build configuration list for PBXNativeTarget "siliconvalley" */;
			buildPhases = (
				AB3CF19727267FCD00F689E8 /* Sources */,
				AB3CF19827267FCD00F689E8 /* Frameworks */,
				AB3CF19927267FCD00F689E8 /* Resources */,
			);
			buildRules = (
			);
			dependencies = (
			);
			name = siliconvalley;
			productName = siliconvalley;
			productReference = AB3CF19B27267FCD00F689E8 /* siliconvalley.app */;
			productType = "com.apple.product-type.application";
		};
		AB3CF1B027267FD100F689E8 /* siliconvalleyTests */ = {
			isa = PBXNativeTarget;
			buildConfigurationList = AB3CF1C827267FD100F689E8 /* Build configuration list for PBXNativeTarget "siliconvalleyTests" */;
			buildPhases = (
				AB3CF1AD27267FD100F689E8 /* Sources */,
				AB3CF1AE27267FD100F689E8 /* Frameworks */,
				AB3CF1AF27267FD100F689E8 /* Resources */,
			);
			buildRules = (
			);
			dependencies = (
				AB3CF1B327267FD100F689E8 /* PBXTargetDependency */,
			);
			name = siliconvalleyTests;
			productName = siliconvalleyTests;
			productReference = AB3CF1B127267FD100F689E8 /* siliconvalleyTests.xctest */;
			productType = "com.apple.product-type.bundle.unit-test";
		};
		AB3CF1BA27267FD100F689E8 /* siliconvalleyUITests */ = {
			isa = PBXNativeTarget;
			buildConfigurationList = AB3CF1CB27267FD100F689E8 /* Build configuration list for PBXNativeTarget "siliconvalleyUITests" */;
			buildPhases = (
				AB3CF1B727267FD100F689E8 /* Sources */,
				AB3CF1B827267FD100F689E8 /* Frameworks */,
				AB3CF1B927267FD100F689E8 /* Resources */,
			);
			buildRules = (
			);
			dependencies = (
				AB3CF1BD27267FD100F689E8 /* PBXTargetDependency */,
			);
			name = siliconvalleyUITests;
			productName = siliconvalleyUITests;
			productReference = AB3CF1BB27267FD100F689E8 /* siliconvalleyUITests.xctest */;
			productType = "com.apple.product-type.bundle.ui-testing";
		};
/* End PBXNativeTarget section */

/* Begin PBXProject section */
		AB3CF19327267FCD00F689E8 /* Project object */ = {
			isa = PBXProject;
			attributes = {
				BuildIndependentTargetsInParallel = 1;
				LastSwiftUpdateCheck = 1300;
				LastUpgradeCheck = 1300;
				TargetAttributes = {
					AB3CF19A27267FCD00F689E8 = {
						CreatedOnToolsVersion = 13.0;
					};
					AB3CF1B027267FD100F689E8 = {
						CreatedOnToolsVersion = 13.0;
						TestTargetID = AB3CF19A27267FCD00F689E8;
					};
					AB3CF1BA27267FD100F689E8 = {
						CreatedOnToolsVersion = 13.0;
						TestTargetID = AB3CF19A27267FCD00F689E8;
					};
				};
			};
			buildConfigurationList = AB3CF19627267FCD00F689E8 /* Build configuration list for PBXProject "siliconvalley" */;
			compatibilityVersion = "Xcode 13.0";
			developmentRegion = en;
			hasScannedForEncodings = 0;
			knownRegions = (
				en,
				Base,
			);
			mainGroup = AB3CF19227267FCD00F689E8;
			productRefGroup = AB3CF19C27267FCD00F689E8 /* Products */;
			projectDirPath = "";
			projectRoot = "";
			targets = (
				AB3CF19A27267FCD00F689E8 /* siliconvalley */,
				AB3CF1B027267FD100F689E8 /* siliconvalleyTests */,
				AB3CF1BA27267FD100F689E8 /* siliconvalleyUITests */,
			);
		};
/* End PBXProject section */

/* Begin PBXResourcesBuildPhase section */
		AB3CF19927267FCD00F689E8 /* Resources */ = {
			isa = PBXResourcesBuildPhase;
			buildActionMask = 2147483647;
			files = (
				AB3CF1D4272682D500F689E8 /* Default.strings in Resources */,
				AB3CF1EC2726911400F689E8 /* Colors.xcassets in Resources */,
				AB3CF1DB272683A700F689E8 /* data.json in Resources */,
				AB3CF1A827267FD100F689E8 /* Assets.xcassets in Resources */,
			);
			runOnlyForDeploymentPostprocessing = 0;
		};
		AB3CF1AF27267FD100F689E8 /* Resources */ = {
			isa = PBXResourcesBuildPhase;
			buildActionMask = 2147483647;
			files = (
			);
			runOnlyForDeploymentPostprocessing = 0;
		};
		AB3CF1B927267FD100F689E8 /* Resources */ = {
			isa = PBXResourcesBuildPhase;
			buildActionMask = 2147483647;
			files = (
			);
			runOnlyForDeploymentPostprocessing = 0;
		};
/* End PBXResourcesBuildPhase section */

/* Begin PBXSourcesBuildPhase section */
		AB3CF19727267FCD00F689E8 /* Sources */ = {
			isa = PBXSourcesBuildPhase;
			buildActionMask = 2147483647;
			files = (
				AB3CF1A327267FCD00F689E8 /* ListViewController.swift in Sources */,
				AB3CF1FC2726C5C900F689E8 /* HeaderView.swift in Sources */,
				AB3CF1F22726A65B00F689E8 /* DictionaryParser.swift in Sources */,
				AB3CF1E627268F2E00F689E8 /* FavoritesViewController.swift in Sources */,
				ABB8CA2F2726E2D5009CC6C1 /* Label.swift in Sources */,
				AB3CF1EA272690AA00F689E8 /* Color.swift in Sources */,
				AB3CF1FA2726C25B00F689E8 /* CommonCell.swift in Sources */,
				AB3CF1F62726ADDC00F689E8 /* Image.swift in Sources */,
				AB3CF1E027268BF300F689E8 /* NavigationController.swift in Sources */,
				AB3CF1F82726B33B00F689E8 /* Show.swift in Sources */,
				AB3CF1DE2726846900F689E8 /* ContentLoader.swift in Sources */,
				AB3CF1EE272693FA00F689E8 /* BaseViewController.swift in Sources */,
				AB3CF1E427268EEF00F689E8 /* DetailsViewController.swift in Sources */,
				ABB8CA2B2726D8E9009CC6C1 /* View.swift in Sources */,
				AB3CF1E82726905B00F689E8 /* Appearance.swift in Sources */,
				AB3CF1FE2726C74A00F689E8 /* ImageDownload.swift in Sources */,
				AB3CF1F42726A82400F689E8 /* Episode.swift in Sources */,
				AB3CF19F27267FCD00F689E8 /* AppDelegate.swift in Sources */,
				ABB8CA2D2726E22E009CC6C1 /* SectionView.swift in Sources */,
				AB3CF1E227268DD600F689E8 /* TabBarController.swift in Sources */,
				AB3CF1D92726831500F689E8 /* Localizable.swift in Sources */,
				AB3CF1A127267FCD00F689E8 /* SceneDelegate.swift in Sources */,
			);
			runOnlyForDeploymentPostprocessing = 0;
		};
		AB3CF1AD27267FD100F689E8 /* Sources */ = {
			isa = PBXSourcesBuildPhase;
			buildActionMask = 2147483647;
			files = (
				AB3CF1B627267FD100F689E8 /* siliconvalleyTests.swift in Sources */,
			);
			runOnlyForDeploymentPostprocessing = 0;
		};
		AB3CF1B727267FD100F689E8 /* Sources */ = {
			isa = PBXSourcesBuildPhase;
			buildActionMask = 2147483647;
			files = (
				AB3CF1C027267FD100F689E8 /* siliconvalleyUITests.swift in Sources */,
			);
			runOnlyForDeploymentPostprocessing = 0;
		};
/* End PBXSourcesBuildPhase section */

/* Begin PBXTargetDependency section */
		AB3CF1B327267FD100F689E8 /* PBXTargetDependency */ = {
			isa = PBXTargetDependency;
			target = AB3CF19A27267FCD00F689E8 /* siliconvalley */;
			targetProxy = AB3CF1B227267FD100F689E8 /* PBXContainerItemProxy */;
		};
		AB3CF1BD27267FD100F689E8 /* PBXTargetDependency */ = {
			isa = PBXTargetDependency;
			target = AB3CF19A27267FCD00F689E8 /* siliconvalley */;
			targetProxy = AB3CF1BC27267FD100F689E8 /* PBXContainerItemProxy */;
		};
/* End PBXTargetDependency section */

/* Begin PBXVariantGroup section */
		AB3CF1D6272682D500F689E8 /* Default.strings */ = {
			isa = PBXVariantGroup;
			children = (
				AB3CF1D5272682D500F689E8 /* en */,
			);
			name = Default.strings;
			sourceTree = "<group>";
		};
/* End PBXVariantGroup section */

/* Begin XCBuildConfiguration section */
		AB3CF1C327267FD100F689E8 /* Debug */ = {
			isa = XCBuildConfiguration;
			buildSettings = {
				ALWAYS_SEARCH_USER_PATHS = NO;
				CLANG_ANALYZER_NONNULL = YES;
				CLANG_ANALYZER_NUMBER_OBJECT_CONVERSION = YES_AGGRESSIVE;
				CLANG_CXX_LANGUAGE_STANDARD = "gnu++17";
				CLANG_CXX_LIBRARY = "libc++";
				CLANG_ENABLE_MODULES = YES;
				CLANG_ENABLE_OBJC_ARC = YES;
				CLANG_ENABLE_OBJC_WEAK = YES;
				CLANG_WARN_BLOCK_CAPTURE_AUTORELEASING = YES;
				CLANG_WARN_BOOL_CONVERSION = YES;
				CLANG_WARN_COMMA = YES;
				CLANG_WARN_CONSTANT_CONVERSION = YES;
				CLANG_WARN_DEPRECATED_OBJC_IMPLEMENTATIONS = YES;
				CLANG_WARN_DIRECT_OBJC_ISA_USAGE = YES_ERROR;
				CLANG_WARN_DOCUMENTATION_COMMENTS = YES;
				CLANG_WARN_EMPTY_BODY = YES;
				CLANG_WARN_ENUM_CONVERSION = YES;
				CLANG_WARN_INFINITE_RECURSION = YES;
				CLANG_WARN_INT_CONVERSION = YES;
				CLANG_WARN_NON_LITERAL_NULL_CONVERSION = YES;
				CLANG_WARN_OBJC_IMPLICIT_RETAIN_SELF = YES;
				CLANG_WARN_OBJC_LITERAL_CONVERSION = YES;
				CLANG_WARN_OBJC_ROOT_CLASS = YES_ERROR;
				CLANG_WARN_QUOTED_INCLUDE_IN_FRAMEWORK_HEADER = YES;
				CLANG_WARN_RANGE_LOOP_ANALYSIS = YES;
				CLANG_WARN_STRICT_PROTOTYPES = YES;
				CLANG_WARN_SUSPICIOUS_MOVE = YES;
				CLANG_WARN_UNGUARDED_AVAILABILITY = YES_AGGRESSIVE;
				CLANG_WARN_UNREACHABLE_CODE = YES;
				CLANG_WARN__DUPLICATE_METHOD_MATCH = YES;
				COPY_PHASE_STRIP = NO;
				DEBUG_INFORMATION_FORMAT = dwarf;
				ENABLE_STRICT_OBJC_MSGSEND = YES;
				ENABLE_TESTABILITY = YES;
				GCC_C_LANGUAGE_STANDARD = gnu11;
				GCC_DYNAMIC_NO_PIC = NO;
				GCC_NO_COMMON_BLOCKS = YES;
				GCC_OPTIMIZATION_LEVEL = 0;
				GCC_PREPROCESSOR_DEFINITIONS = (
					"DEBUG=1",
					"$(inherited)",
				);
				GCC_WARN_64_TO_32_BIT_CONVERSION = YES;
				GCC_WARN_ABOUT_RETURN_TYPE = YES_ERROR;
				GCC_WARN_UNDECLARED_SELECTOR = YES;
				GCC_WARN_UNINITIALIZED_AUTOS = YES_AGGRESSIVE;
				GCC_WARN_UNUSED_FUNCTION = YES;
				GCC_WARN_UNUSED_VARIABLE = YES;
				IPHONEOS_DEPLOYMENT_TARGET = 15.0;
				MTL_ENABLE_DEBUG_INFO = INCLUDE_SOURCE;
				MTL_FAST_MATH = YES;
				ONLY_ACTIVE_ARCH = YES;
				SDKROOT = iphoneos;
				SWIFT_ACTIVE_COMPILATION_CONDITIONS = DEBUG;
				SWIFT_OPTIMIZATION_LEVEL = "-Onone";
			};
			name = Debug;
		};
		AB3CF1C427267FD100F689E8 /* Release */ = {
			isa = XCBuildConfiguration;
			buildSettings = {
				ALWAYS_SEARCH_USER_PATHS = NO;
				CLANG_ANALYZER_NONNULL = YES;
				CLANG_ANALYZER_NUMBER_OBJECT_CONVERSION = YES_AGGRESSIVE;
				CLANG_CXX_LANGUAGE_STANDARD = "gnu++17";
				CLANG_CXX_LIBRARY = "libc++";
				CLANG_ENABLE_MODULES = YES;
				CLANG_ENABLE_OBJC_ARC = YES;
				CLANG_ENABLE_OBJC_WEAK = YES;
				CLANG_WARN_BLOCK_CAPTURE_AUTORELEASING = YES;
				CLANG_WARN_BOOL_CONVERSION = YES;
				CLANG_WARN_COMMA = YES;
				CLANG_WARN_CONSTANT_CONVERSION = YES;
				CLANG_WARN_DEPRECATED_OBJC_IMPLEMENTATIONS = YES;
				CLANG_WARN_DIRECT_OBJC_ISA_USAGE = YES_ERROR;
				CLANG_WARN_DOCUMENTATION_COMMENTS = YES;
				CLANG_WARN_EMPTY_BODY = YES;
				CLANG_WARN_ENUM_CONVERSION = YES;
				CLANG_WARN_INFINITE_RECURSION = YES;
				CLANG_WARN_INT_CONVERSION = YES;
				CLANG_WARN_NON_LITERAL_NULL_CONVERSION = YES;
				CLANG_WARN_OBJC_IMPLICIT_RETAIN_SELF = YES;
				CLANG_WARN_OBJC_LITERAL_CONVERSION = YES;
				CLANG_WARN_OBJC_ROOT_CLASS = YES_ERROR;
				CLANG_WARN_QUOTED_INCLUDE_IN_FRAMEWORK_HEADER = YES;
				CLANG_WARN_RANGE_LOOP_ANALYSIS = YES;
				CLANG_WARN_STRICT_PROTOTYPES = YES;
				CLANG_WARN_SUSPICIOUS_MOVE = YES;
				CLANG_WARN_UNGUARDED_AVAILABILITY = YES_AGGRESSIVE;
				CLANG_WARN_UNREACHABLE_CODE = YES;
				CLANG_WARN__DUPLICATE_METHOD_MATCH = YES;
				COPY_PHASE_STRIP = NO;
				DEBUG_INFORMATION_FORMAT = "dwarf-with-dsym";
				ENABLE_NS_ASSERTIONS = NO;
				ENABLE_STRICT_OBJC_MSGSEND = YES;
				GCC_C_LANGUAGE_STANDARD = gnu11;
				GCC_NO_COMMON_BLOCKS = YES;
				GCC_WARN_64_TO_32_BIT_CONVERSION = YES;
				GCC_WARN_ABOUT_RETURN_TYPE = YES_ERROR;
				GCC_WARN_UNDECLARED_SELECTOR = YES;
				GCC_WARN_UNINITIALIZED_AUTOS = YES_AGGRESSIVE;
				GCC_WARN_UNUSED_FUNCTION = YES;
				GCC_WARN_UNUSED_VARIABLE = YES;
				IPHONEOS_DEPLOYMENT_TARGET = 15.0;
				MTL_ENABLE_DEBUG_INFO = NO;
				MTL_FAST_MATH = YES;
				SDKROOT = iphoneos;
				SWIFT_COMPILATION_MODE = wholemodule;
				SWIFT_OPTIMIZATION_LEVEL = "-O";
				VALIDATE_PRODUCT = YES;
			};
			name = Release;
		};
		AB3CF1C627267FD100F689E8 /* Debug */ = {
			isa = XCBuildConfiguration;
			buildSettings = {
				ASSETCATALOG_COMPILER_APPICON_NAME = AppIcon;
				ASSETCATALOG_COMPILER_GLOBAL_ACCENT_COLOR_NAME = AccentColor;
				CODE_SIGN_STYLE = Automatic;
				CURRENT_PROJECT_VERSION = 1;
				DEVELOPMENT_TEAM = LESXNF3G4P;
				GENERATE_INFOPLIST_FILE = YES;
				INFOPLIST_FILE = siliconvalley/Info.plist;
				INFOPLIST_KEY_UIApplicationSupportsIndirectInputEvents = YES;
				INFOPLIST_KEY_UILaunchStoryboardName = LaunchScreen;
				INFOPLIST_KEY_UISupportedInterfaceOrientations_iPad = "UIInterfaceOrientationPortrait UIInterfaceOrientationPortraitUpsideDown UIInterfaceOrientationLandscapeLeft UIInterfaceOrientationLandscapeRight";
				INFOPLIST_KEY_UISupportedInterfaceOrientations_iPhone = "UIInterfaceOrientationPortrait UIInterfaceOrientationLandscapeLeft UIInterfaceOrientationLandscapeRight";
				LD_RUNPATH_SEARCH_PATHS = (
					"$(inherited)",
					"@executable_path/Frameworks",
				);
				MARKETING_VERSION = 1.0;
				PRODUCT_BUNDLE_IDENTIFIER = exercise.luiz.siliconvalley;
				PRODUCT_NAME = "$(TARGET_NAME)";
				SWIFT_EMIT_LOC_STRINGS = YES;
				SWIFT_VERSION = 5.0;
				TARGETED_DEVICE_FAMILY = "1,2";
			};
			name = Debug;
		};
		AB3CF1C727267FD100F689E8 /* Release */ = {
			isa = XCBuildConfiguration;
			buildSettings = {
				ASSETCATALOG_COMPILER_APPICON_NAME = AppIcon;
				ASSETCATALOG_COMPILER_GLOBAL_ACCENT_COLOR_NAME = AccentColor;
				CODE_SIGN_STYLE = Automatic;
				CURRENT_PROJECT_VERSION = 1;
				DEVELOPMENT_TEAM = LESXNF3G4P;
				GENERATE_INFOPLIST_FILE = YES;
				INFOPLIST_FILE = siliconvalley/Info.plist;
				INFOPLIST_KEY_UIApplicationSupportsIndirectInputEvents = YES;
				INFOPLIST_KEY_UILaunchStoryboardName = LaunchScreen;
				INFOPLIST_KEY_UISupportedInterfaceOrientations_iPad = "UIInterfaceOrientationPortrait UIInterfaceOrientationPortraitUpsideDown UIInterfaceOrientationLandscapeLeft UIInterfaceOrientationLandscapeRight";
				INFOPLIST_KEY_UISupportedInterfaceOrientations_iPhone = "UIInterfaceOrientationPortrait UIInterfaceOrientationLandscapeLeft UIInterfaceOrientationLandscapeRight";
				LD_RUNPATH_SEARCH_PATHS = (
					"$(inherited)",
					"@executable_path/Frameworks",
				);
				MARKETING_VERSION = 1.0;
				PRODUCT_BUNDLE_IDENTIFIER = exercise.luiz.siliconvalley;
				PRODUCT_NAME = "$(TARGET_NAME)";
				SWIFT_EMIT_LOC_STRINGS = YES;
				SWIFT_VERSION = 5.0;
				TARGETED_DEVICE_FAMILY = "1,2";
			};
			name = Release;
		};
		AB3CF1C927267FD100F689E8 /* Debug */ = {
			isa = XCBuildConfiguration;
			buildSettings = {
				ALWAYS_EMBED_SWIFT_STANDARD_LIBRARIES = YES;
				BUNDLE_LOADER = "$(TEST_HOST)";
				CODE_SIGN_STYLE = Automatic;
				CURRENT_PROJECT_VERSION = 1;
				DEVELOPMENT_TEAM = LESXNF3G4P;
				GENERATE_INFOPLIST_FILE = YES;
				IPHONEOS_DEPLOYMENT_TARGET = 15.0;
				LD_RUNPATH_SEARCH_PATHS = (
					"$(inherited)",
					"@executable_path/Frameworks",
					"@loader_path/Frameworks",
				);
				MARKETING_VERSION = 1.0;
				PRODUCT_BUNDLE_IDENTIFIER = exercise.luiz.siliconvalleyTests;
				PRODUCT_NAME = "$(TARGET_NAME)";
				SWIFT_EMIT_LOC_STRINGS = NO;
				SWIFT_VERSION = 5.0;
				TARGETED_DEVICE_FAMILY = "1,2";
				TEST_HOST = "$(BUILT_PRODUCTS_DIR)/siliconvalley.app/siliconvalley";
			};
			name = Debug;
		};
		AB3CF1CA27267FD100F689E8 /* Release */ = {
			isa = XCBuildConfiguration;
			buildSettings = {
				ALWAYS_EMBED_SWIFT_STANDARD_LIBRARIES = YES;
				BUNDLE_LOADER = "$(TEST_HOST)";
				CODE_SIGN_STYLE = Automatic;
				CURRENT_PROJECT_VERSION = 1;
				DEVELOPMENT_TEAM = LESXNF3G4P;
				GENERATE_INFOPLIST_FILE = YES;
				IPHONEOS_DEPLOYMENT_TARGET = 15.0;
				LD_RUNPATH_SEARCH_PATHS = (
					"$(inherited)",
					"@executable_path/Frameworks",
					"@loader_path/Frameworks",
				);
				MARKETING_VERSION = 1.0;
				PRODUCT_BUNDLE_IDENTIFIER = exercise.luiz.siliconvalleyTests;
				PRODUCT_NAME = "$(TARGET_NAME)";
				SWIFT_EMIT_LOC_STRINGS = NO;
				SWIFT_VERSION = 5.0;
				TARGETED_DEVICE_FAMILY = "1,2";
				TEST_HOST = "$(BUILT_PRODUCTS_DIR)/siliconvalley.app/siliconvalley";
			};
			name = Release;
		};
		AB3CF1CC27267FD100F689E8 /* Debug */ = {
			isa = XCBuildConfiguration;
			buildSettings = {
				ALWAYS_EMBED_SWIFT_STANDARD_LIBRARIES = YES;
				CODE_SIGN_STYLE = Automatic;
				CURRENT_PROJECT_VERSION = 1;
				DEVELOPMENT_TEAM = LESXNF3G4P;
				GENERATE_INFOPLIST_FILE = YES;
				LD_RUNPATH_SEARCH_PATHS = (
					"$(inherited)",
					"@executable_path/Frameworks",
					"@loader_path/Frameworks",
				);
				MARKETING_VERSION = 1.0;
				PRODUCT_BUNDLE_IDENTIFIER = exercise.luiz.siliconvalleyUITests;
				PRODUCT_NAME = "$(TARGET_NAME)";
				SWIFT_EMIT_LOC_STRINGS = NO;
				SWIFT_VERSION = 5.0;
				TARGETED_DEVICE_FAMILY = "1,2";
				TEST_TARGET_NAME = siliconvalley;
			};
			name = Debug;
		};
		AB3CF1CD27267FD100F689E8 /* Release */ = {
			isa = XCBuildConfiguration;
			buildSettings = {
				ALWAYS_EMBED_SWIFT_STANDARD_LIBRARIES = YES;
				CODE_SIGN_STYLE = Automatic;
				CURRENT_PROJECT_VERSION = 1;
				DEVELOPMENT_TEAM = LESXNF3G4P;
				GENERATE_INFOPLIST_FILE = YES;
				LD_RUNPATH_SEARCH_PATHS = (
					"$(inherited)",
					"@executable_path/Frameworks",
					"@loader_path/Frameworks",
				);
				MARKETING_VERSION = 1.0;
				PRODUCT_BUNDLE_IDENTIFIER = exercise.luiz.siliconvalleyUITests;
				PRODUCT_NAME = "$(TARGET_NAME)";
				SWIFT_EMIT_LOC_STRINGS = NO;
				SWIFT_VERSION = 5.0;
				TARGETED_DEVICE_FAMILY = "1,2";
				TEST_TARGET_NAME = siliconvalley;
			};
			name = Release;
		};
/* End XCBuildConfiguration section */

/* Begin XCConfigurationList section */
		AB3CF19627267FCD00F689E8 /* Build configuration list for PBXProject "siliconvalley" */ = {
			isa = XCConfigurationList;
			buildConfigurations = (
				AB3CF1C327267FD100F689E8 /* Debug */,
				AB3CF1C427267FD100F689E8 /* Release */,
			);
			defaultConfigurationIsVisible = 0;
			defaultConfigurationName = Release;
		};
		AB3CF1C527267FD100F689E8 /* Build configuration list for PBXNativeTarget "siliconvalley" */ = {
			isa = XCConfigurationList;
			buildConfigurations = (
				AB3CF1C627267FD100F689E8 /* Debug */,
				AB3CF1C727267FD100F689E8 /* Release */,
			);
			defaultConfigurationIsVisible = 0;
			defaultConfigurationName = Release;
		};
		AB3CF1C827267FD100F689E8 /* Build configuration list for PBXNativeTarget "siliconvalleyTests" */ = {
			isa = XCConfigurationList;
			buildConfigurations = (
				AB3CF1C927267FD100F689E8 /* Debug */,
				AB3CF1CA27267FD100F689E8 /* Release */,
			);
			defaultConfigurationIsVisible = 0;
			defaultConfigurationName = Release;
		};
		AB3CF1CB27267FD100F689E8 /* Build configuration list for PBXNativeTarget "siliconvalleyUITests" */ = {
			isa = XCConfigurationList;
			buildConfigurations = (
				AB3CF1CC27267FD100F689E8 /* Debug */,
				AB3CF1CD27267FD100F689E8 /* Release */,
			);
			defaultConfigurationIsVisible = 0;
			defaultConfigurationName = Release;
		};
/* End XCConfigurationList section */
	};
	rootObject = AB3CF19327267FCD00F689E8 /* Project object */;
}
